# This file was autogenerated by uv via the following command:
#    uv pip compile pyproject.toml --output-file requirements.lock
annotated-types==0.7.0
    # via pydantic
defusedxml==0.7.1
    # via pycc2 (pyproject.toml)
numpy==2.5.0
    # via pycc2 (pyproject.toml)
pydantic==2.13.4
    # via pycc2 (pyproject.toml)
pydantic-core==2.46.4
    # via pydantic
pygame==2.6.1
    # via pycc2 (pyproject.toml)
typing-extensions==4.15.0
    # via
    #   pydantic
    #   pydantic-core
    #   typing-inspection
typing-inspection==0.4.2
    # via pydantic
